// !$*UTF8*$!
{
	archiveVersion = 1;
	classes = {
	};
	objectVersion = 46;
	objects = {

/* Begin PBXBuildFile section */
		ECBEFD0319B2677A0030893F /* Foundation.framework in Frameworks */ = {isa = PBXBuildFile; fileRef = ECBEFD0219B2677A0030893F /* Foundation.framework */; };
		ECBEFD0519B2677A0030893F /* CoreGraphics.framework in Frameworks */ = {isa = PBXBuildFile; fileRef = ECBEFD0419B2677A0030893F /* CoreGraphics.framework */; };
		ECBEFD0719B2677A0030893F /* UIKit.framework in Frameworks */ = {isa = PBXBuildFile; fileRef = ECBEFD0619B2677A0030893F /* UIKit.framework */; };
		ECBEFD0D19B2677A0030893F /* InfoPlist.strings in Resources */ = {isa = PBXBuildFile; fileRef = ECBEFD0B19B2677A0030893F /* InfoPlist.strings */; };
		ECBEFD0F19B2677A0030893F /* main.m in Sources */ = {isa = PBXBuildFile; fileRef = ECBEFD0E19B2677A0030893F /* main.m */; };
		ECBEFD1319B2677A0030893F /* BNRAppDelegate.m in Sources */ = {isa = PBXBuildFile; fileRef = ECBEFD1219B2677A0030893F /* BNRAppDelegate.m */; };
		ECBEFD1519B2677A0030893F /* Images.xcassets in Resources */ = {isa = PBXBuildFile; fileRef = ECBEFD1419B2677A0030893F /* Images.xcassets */; };
		ECBEFD1C19B2677A0030893F /* XCTest.framework in Frameworks */ = {isa = PBXBuildFile; fileRef = ECBEFD1B19B2677A0030893F /* XCTest.framework */; };
		ECBEFD1D19B2677A0030893F /* Foundation.framework in Frameworks */ = {isa = PBXBuildFile; fileRef = ECBEFD0219B2677A0030893F /* Foundation.framework */; };
		ECBEFD1E19B2677A0030893F /* UIKit.framework in Frameworks */ = {isa = PBXBuildFile; fileRef = ECBEFD0619B2677A0030893F /* UIKit.framework */; };
		ECBEFD2619B2677A0030893F /* InfoPlist.strings in Resources */ = {isa = PBXBuildFile; fileRef = ECBEFD2419B2677A0030893F /* InfoPlist.strings */; };
		ECBEFD2819B2677A0030893F /* TouchTrackerTests.m in Sources */ = {isa = PBXBuildFile; fileRef = ECBEFD2719B2677A0030893F /* TouchTrackerTests.m */; };
		ECBEFD3419B269620030893F /* BNRLine.m in Sources */ = {isa = PBXBuildFile; fileRef = ECBEFD3319B269620030893F /* BNRLine.m */; };
		ECBEFD3819B269FA0030893F /* BNRDrawView.m in Sources */ = {isa = PBXBuildFile; fileRef = ECBEFD3719B269FA0030893F /* BNRDrawView.m */; };
		ECBEFD3F19B26AA30030893F /* BNRDrawViewController.m in Sources */ = {isa = PBXBuildFile; fileRef = ECBEFD3E19B26AA30030893F /* BNRDrawViewController.m */; };
/* End PBXBuildFile section */

/* Begin PBXContainerItemProxy section */
		ECBEFD1F19B2677A0030893F /* PBXContainerItemProxy */ = {
			isa = PBXContainerItemProxy;
			containerPortal = ECBEFCF719B2677A0030893F /* Project object */;
			proxyType = 1;
			remoteGlobalIDString = ECBEFCFE19B2677A0030893F;
			remoteInfo = TouchTracker;
		};
/* End PBXContainerItemProxy section */

/* Begin PBXFileReference section */
		ECBEFCFF19B2677A0030893F /* TouchTracker.app */ = {isa = PBXFileReference; explicitFileType = wrapper.application; includeInIndex = 0; path = TouchTracker.app; sourceTree = BUILT_PRODUCTS_DIR; };
		ECBEFD0219B2677A0030893F /* Foundation.framework */ = {isa = PBXFileReference; lastKnownFileType = wrapper.framework; name = Foundation.framework; path = System/Library/Frameworks/Foundation.framework; sourceTree = SDKROOT; };
		ECBEFD0419B2677A0030893F /* CoreGraphics.framework */ = {isa = PBXFileReference; lastKnownFileType = wrapper.framework; name = CoreGraphics.framework; path = System/Library/Frameworks/CoreGraphics.framework; sourceTree = SDKROOT; };
		ECBEFD0619B2677A0030893F /* UIKit.framework */ = {isa = PBXFileReference; lastKnownFileType = wrapper.framework; name = UIKit.framework; path = System/Library/Frameworks/UIKit.framework; sourceTree = SDKROOT; };
		ECBEFD0A19B2677A0030893F /* TouchTracker-Info.plist */ = {isa = PBXFileReference; lastKnownFileType = text.plist.xml; path = "TouchTracker-Info.plist"; sourceTree = "<group>"; };
		ECBEFD0C19B2677A0030893F /* en */ = {isa = PBXFileReference; lastKnownFileType = text.plist.strings; name = en; path = en.lproj/InfoPlist.strings; sourceTree = "<group>"; };
		ECBEFD0E19B2677A0030893F /* main.m */ = {isa = PBXFileReference; lastKnownFileType = sourcecode.c.objc; path = main.m; sourceTree = "<group>"; };
		ECBEFD1019B2677A0030893F /* TouchTracker-Prefix.pch */ = {isa = PBXFileReference; lastKnownFileType = sourcecode.c.h; path = "TouchTracker-Prefix.pch"; sourceTree = "<group>"; };
		ECBEFD1119B2677A0030893F /* BNRAppDelegate.h */ = {isa = PBXFileReference; lastKnownFileType = sourcecode.c.h; path = BNRAppDelegate.h; sourceTree = "<group>"; };
		ECBEFD1219B2677A0030893F /* BNRAppDelegate.m */ = {isa = PBXFileReference; lastKnownFileType = sourcecode.c.objc; path = BNRAppDelegate.m; sourceTree = "<group>"; };
		ECBEFD1419B2677A0030893F /* Images.xcassets */ = {isa = PBXFileReference; lastKnownFileType = folder.assetcatalog; path = Images.xcassets; sourceTree = "<group>"; };
		ECBEFD1A19B2677A0030893F /* TouchTrackerTests.xctest */ = {isa = PBXFileReference; explicitFileType = wrapper.cfbundle; includeInIndex = 0; path = TouchTrackerTests.xctest; sourceTree = BUILT_PRODUCTS_DIR; };
		ECBEFD1B19B2677A0030893F /* XCTest.framework */ = {isa = PBXFileReference; lastKnownFileType = wrapper.framework; name = XCTest.framework; path = Library/Frameworks/XCTest.framework; sourceTree = DEVELOPER_DIR; };
		ECBEFD2319B2677A0030893F /* TouchTrackerTests-Info.plist */ = {isa = PBXFileReference; lastKnownFileType = text.plist.xml; path = "TouchTrackerTests-Info.plist"; sourceTree = "<group>"; };
		ECBEFD2519B2677A0030893F /* en */ = {isa = PBXFileReference; lastKnownFileType = text.plist.strings; name = en; path = en.lproj/InfoPlist.strings; sourceTree = "<group>"; };
		ECBEFD2719B2677A0030893F /* TouchTrackerTests.m */ = {isa = PBXFileReference; lastKnownFileType = sourcecode.c.objc; path = TouchTrackerTests.m; sourceTree = "<group>"; };
		ECBEFD3219B269620030893F /* BNRLine.h */ = {isa = PBXFileReference; fileEncoding = 4; lastKnownFileType = sourcecode.c.h; name = BNRLine.h; path = Model/BNRLine.h; sourceTree = "<group>"; };
		ECBEFD3319B269620030893F /* BNRLine.m */ = {isa = PBXFileReference; fileEncoding = 4; lastKnownFileType = sourcecode.c.objc; name = BNRLine.m; path = Model/BNRLine.m; sourceTree = "<group>"; };
		ECBEFD3619B269FA0030893F /* BNRDrawView.h */ = {isa = PBXFileReference; fileEncoding = 4; lastKnownFileType = sourcecode.c.h; path = BNRDrawView.h; sourceTree = "<group>"; };
		ECBEFD3719B269FA0030893F /* BNRDrawView.m */ = {isa = PBXFileReference; fileEncoding = 4; lastKnownFileType = sourcecode.c.objc; path = BNRDrawView.m; sourceTree = "<group>"; };
		ECBEFD3D19B26AA30030893F /* BNRDrawViewController.h */ = {isa = PBXFileReference; fileEncoding = 4; lastKnownFileType = sourcecode.c.h; path = BNRDrawViewController.h; sourceTree = "<group>"; };
		ECBEFD3E19B26AA30030893F /* BNRDrawViewController.m */ = {isa = PBXFileReference; fileEncoding = 4; lastKnownFileType = sourcecode.c.objc; path = BNRDrawViewController.m; sourceTree = "<group>"; };
/* End PBXFileReference section */

/* Begin PBXFrameworksBuildPhase section */
		ECBEFCFC19B2677A0030893F /* Frameworks */ = {
			isa = PBXFrameworksBuildPhase;
			buildActionMask = 2147483647;
			files = (
				ECBEFD0519B2677A0030893F /* CoreGraphics.framework in Frameworks */,
				ECBEFD0719B2677A0030893F /* UIKit.framework in Frameworks */,
				ECBEFD0319B2677A0030893F /* Foundation.framework in Frameworks */,
			);
			runOnlyForDeploymentPostprocessing = 0;
		};
		ECBEFD1719B2677A0030893F /* Frameworks */ = {
			isa = PBXFrameworksBuildPhase;
			buildActionMask = 2147483647;
			files = (
				ECBEFD1C19B2677A0030893F /* XCTest.framework in Frameworks */,
				ECBEFD1E19B2677A0030893F /* UIKit.framework in Frameworks */,
				ECBEFD1D19B2677A0030893F /* Foundation.framework in Frameworks */,
			);
			runOnlyForDeploymentPostprocessing = 0;
		};
/* End PBXFrameworksBuildPhase section */

/* Begin PBXGroup section */
		ECBEFCF619B2677A0030893F = {
			isa = PBXGroup;
			children = (
				ECBEFD0819B2677A0030893F /* TouchTracker */,
				ECBEFD2119B2677A0030893F /* TouchTrackerTests */,
				ECBEFD0119B2677A0030893F /* Frameworks */,
				ECBEFD0019B2677A0030893F /* Products */,
			);
			sourceTree = "<group>";
		};
		ECBEFD0019B2677A0030893F /* Products */ = {
			isa = PBXGroup;
			children = (
				ECBEFCFF19B2677A0030893F /* TouchTracker.app */,
				ECBEFD1A19B2677A0030893F /* TouchTrackerTests.xctest */,
			);
			name = Products;
			sourceTree = "<group>";
		};
		ECBEFD0119B2677A0030893F /* Frameworks */ = {
			isa = PBXGroup;
			children = (
				ECBEFD0219B2677A0030893F /* Foundation.framework */,
				ECBEFD0419B2677A0030893F /* CoreGraphics.framework */,
				ECBEFD0619B2677A0030893F /* UIKit.framework */,
				ECBEFD1B19B2677A0030893F /* XCTest.framework */,
			);
			name = Frameworks;
			sourceTree = "<group>";
		};
		ECBEFD0819B2677A0030893F /* TouchTracker */ = {
			isa = PBXGroup;
			children = (
				ECBEFD3119B2691C0030893F /* ViewController */,
				ECBEFD3919B26A1F0030893F /* View */,
				ECBEFD3519B2696B0030893F /* Model */,
				ECBEFD1419B2677A0030893F /* Images.xcassets */,
				ECBEFD0919B2677A0030893F /* Supporting Files */,
			);
			path = TouchTracker;
			sourceTree = "<group>";
		};
		ECBEFD0919B2677A0030893F /* Supporting Files */ = {
			isa = PBXGroup;
			children = (
				ECBEFD0A19B2677A0030893F /* TouchTracker-Info.plist */,
				ECBEFD0B19B2677A0030893F /* InfoPlist.strings */,
				ECBEFD0E19B2677A0030893F /* main.m */,
				ECBEFD1019B2677A0030893F /* TouchTracker-Prefix.pch */,
			);
			name = "Supporting Files";
			sourceTree = "<group>";
		};
		ECBEFD2119B2677A0030893F /* TouchTrackerTests */ = {
			isa = PBXGroup;
			children = (
				ECBEFD2719B2677A0030893F /* TouchTrackerTests.m */,
				ECBEFD2219B2677A0030893F /* Supporting Files */,
			);
			path = TouchTrackerTests;
			sourceTree = "<group>";
		};
		ECBEFD2219B2677A0030893F /* Supporting Files */ = {
			isa = PBXGroup;
			children = (
				ECBEFD2319B2677A0030893F /* TouchTrackerTests-Info.plist */,
				ECBEFD2419B2677A0030893F /* InfoPlist.strings */,
			);
			name = "Supporting Files";
			sourceTree = "<group>";
		};
		ECBEFD3119B2691C0030893F /* ViewController */ = {
			isa = PBXGroup;
			children = (
				ECBEFD3D19B26AA30030893F /* BNRDrawViewController.h */,
				ECBEFD3E19B26AA30030893F /* BNRDrawViewController.m */,
				ECBEFD1119B2677A0030893F /* BNRAppDelegate.h */,
				ECBEFD1219B2677A0030893F /* BNRAppDelegate.m */,
			);
			name = ViewController;
			sourceTree = "<group>";
		};
		ECBEFD3519B2696B0030893F /* Model */ = {
			isa = PBXGroup;
			children = (
				ECBEFD3219B269620030893F /* BNRLine.h */,
				ECBEFD3319B269620030893F /* BNRLine.m */,
			);
			name = Model;
			sourceTree = "<group>";
		};
		ECBEFD3919B26A1F0030893F /* View */ = {
			isa = PBXGroup;
			children = (
				ECBEFD3619B269FA0030893F /* BNRDrawView.h */,
				ECBEFD3719B269FA0030893F /* BNRDrawView.m */,
			);
			name = View;
			sourceTree = "<group>";
		};
/* End PBXGroup section */

/* Begin PBXNativeTarget section */
		ECBEFCFE19B2677A0030893F /* TouchTracker */ = {
			isa = PBXNativeTarget;
			buildConfigurationList = ECBEFD2B19B2677A0030893F /* Build configuration list for PBXNativeTarget "TouchTracker" */;
			buildPhases = (
				ECBEFCFB19B2677A0030893F /* Sources */,
				ECBEFCFC19B2677A0030893F /* Frameworks */,
				ECBEFCFD19B2677A0030893F /* Resources */,
			);
			buildRules = (
			);
			dependencies = (
			);
			name = TouchTracker;
			productName = TouchTracker;
			productReference = ECBEFCFF19B2677A0030893F /* TouchTracker.app */;
			productType = "com.apple.product-type.application";
		};
		ECBEFD1919B2677A0030893F /* TouchTrackerTests */ = {
			isa = PBXNativeTarget;
			buildConfigurationList = ECBEFD2E19B2677A0030893F /* Build configuration list for PBXNativeTarget "TouchTrackerTests" */;
			buildPhases = (
				ECBEFD1619B2677A0030893F /* Sources */,
				ECBEFD1719B2677A0030893F /* Frameworks */,
				ECBEFD1819B2677A0030893F /* Resources */,
			);
			buildRules = (
			);
			dependencies = (
				ECBEFD2019B2677A0030893F /* PBXTargetDependency */,
			);
			name = TouchTrackerTests;
			productName = TouchTrackerTests;
			productReference = ECBEFD1A19B2677A0030893F /* TouchTrackerTests.xctest */;
			productType = "com.apple.product-type.bundle.unit-test";
		};
/* End PBXNativeTarget section */

/* Begin PBXProject section */
		ECBEFCF719B2677A0030893F /* Project object */ = {
			isa = PBXProject;
			attributes = {
				CLASSPREFIX = BNR;
				LastUpgradeCheck = 0510;
				ORGANIZATIONNAME = "Big Nerd Ranch";
				TargetAttributes = {
					ECBEFD1919B2677A0030893F = {
						TestTargetID = ECBEFCFE19B2677A0030893F;
					};
				};
			};
			buildConfigurationList = ECBEFCFA19B2677A0030893F /* Build configuration list for PBXProject "TouchTracker" */;
			compatibilityVersion = "Xcode 3.2";
			developmentRegion = English;
			hasScannedForEncodings = 0;
			knownRegions = (
				en,
			);
			mainGroup = ECBEFCF619B2677A0030893F;
			productRefGroup = ECBEFD0019B2677A0030893F /* Products */;
			projectDirPath = "";
			projectRoot = "";
			targets = (
				ECBEFCFE19B2677A0030893F /* TouchTracker */,
				ECBEFD1919B2677A0030893F /* TouchTrackerTests */,
			);
		};
/* End PBXProject section */

/* Begin PBXResourcesBuildPhase section */
		ECBEFCFD19B2677A0030893F /* Resources */ = {
			isa = PBXResourcesBuildPhase;
			buildActionMask = 2147483647;
			files = (
				ECBEFD0D19B2677A0030893F /* InfoPlist.strings in Resources */,
				ECBEFD1519B2677A0030893F /* Images.xcassets in Resources */,
			);
			runOnlyForDeploymentPostprocessing = 0;
		};
		ECBEFD1819B2677A0030893F /* Resources */ = {
			isa = PBXResourcesBuildPhase;
			buildActionMask = 2147483647;
			files = (
				ECBEFD2619B2677A0030893F /* InfoPlist.strings in Resources */,
			);
			runOnlyForDeploymentPostprocessing = 0;
		};
/* End PBXResourcesBuildPhase section */

/* Begin PBXSourcesBuildPhase section */
		ECBEFCFB19B2677A0030893F /* Sources */ = {
			isa = PBXSourcesBuildPhase;
			buildActionMask = 2147483647;
			files = (
				ECBEFD0F19B2677A0030893F /* main.m in Sources */,
				ECBEFD3F19B26AA30030893F /* BNRDrawViewController.m in Sources */,
				ECBEFD3419B269620030893F /* BNRLine.m in Sources */,
				ECBEFD1319B2677A0030893F /* BNRAppDelegate.m in Sources */,
				ECBEFD3819B269FA0030893F /* BNRDrawView.m in Sources */,
			);
			runOnlyForDeploymentPostprocessing = 0;
		};
		ECBEFD1619B2677A0030893F /* Sources */ = {
			isa = PBXSourcesBuildPhase;
			buildActionMask = 2147483647;
			files = (
				ECBEFD2819B2677A0030893F /* TouchTrackerTests.m in Sources */,
			);
			runOnlyForDeploymentPostprocessing = 0;
		};
/* End PBXSourcesBuildPhase section */

/* Begin PBXTargetDependency section */
		ECBEFD2019B2677A0030893F /* PBXTargetDependency */ = {
			isa = PBXTargetDependency;
			target = ECBEFCFE19B2677A0030893F /* TouchTracker */;
			targetProxy = ECBEFD1F19B2677A0030893F /* PBXContainerItemProxy */;
		};
/* End PBXTargetDependency section */

/* Begin PBXVariantGroup section */
		ECBEFD0B19B2677A0030893F /* InfoPlist.strings */ = {
			isa = PBXVariantGroup;
			children = (
				ECBEFD0C19B2677A0030893F /* en */,
			);
			name = InfoPlist.strings;
			sourceTree = "<group>";
		};
		ECBEFD2419B2677A0030893F /* InfoPlist.strings */ = {
			isa = PBXVariantGroup;
			children = (
				ECBEFD2519B2677A0030893F /* en */,
			);
			name = InfoPlist.strings;
			sourceTree = "<group>";
		};
/* End PBXVariantGroup section */

/* Begin XCBuildConfiguration section */
		ECBEFD2919B2677A0030893F /* Debug */ = {
			isa = XCBuildConfiguration;
			buildSettings = {
				ALWAYS_SEARCH_USER_PATHS = NO;
				CLANG_CXX_LANGUAGE_STANDARD = "gnu++0x";
				CLANG_CXX_LIBRARY = "libc++";
				CLANG_ENABLE_MODULES = YES;
				CLANG_ENABLE_OBJC_ARC = YES;
				CLANG_WARN_BOOL_CONVERSION = YES;
				CLANG_WARN_CONSTANT_CONVERSION = YES;
				CLANG_WARN_DIRECT_OBJC_ISA_USAGE = YES_ERROR;
				CLANG_WARN_EMPTY_BODY = YES;
				CLANG_WARN_ENUM_CONVERSION = YES;
				CLANG_WARN_INT_CONVERSION = YES;
				CLANG_WARN_OBJC_ROOT_CLASS = YES_ERROR;
				CLANG_WARN__DUPLICATE_METHOD_MATCH = YES;
				"CODE_SIGN_IDENTITY[sdk=iphoneos*]" = "iPhone Developer";
				COPY_PHASE_STRIP = NO;
				GCC_C_LANGUAGE_STANDARD = gnu99;
				GCC_DYNAMIC_NO_PIC = NO;
				GCC_OPTIMIZATION_LEVEL = 0;
				GCC_PREPROCESSOR_DEFINITIONS = (
					"DEBUG=1",
					"$(inherited)",
				);
				GCC_SYMBOLS_PRIVATE_EXTERN = NO;
				GCC_WARN_64_TO_32_BIT_CONVERSION = YES;
				GCC_WARN_ABOUT_RETURN_TYPE = YES_ERROR;
				GCC_WARN_UNDECLARED_SELECTOR = YES;
				GCC_WARN_UNINITIALIZED_AUTOS = YES_AGGRESSIVE;
				GCC_WARN_UNUSED_FUNCTION = YES;
				GCC_WARN_UNUSED_VARIABLE = YES;
				IPHONEOS_DEPLOYMENT_TARGET = 7.1;
				ONLY_ACTIVE_ARCH = YES;
				SDKROOT = iphoneos;
			};
			name = Debug;
		};
		ECBEFD2A19B2677A0030893F /* Release */ = {
			isa = XCBuildConfiguration;
			buildSettings = {
				ALWAYS_SEARCH_USER_PATHS = NO;
				CLANG_CXX_LANGUAGE_STANDARD = "gnu++0x";
				CLANG_CXX_LIBRARY = "libc++";
				CLANG_ENABLE_MODULES = YES;
				CLANG_ENABLE_OBJC_ARC = YES;
				CLANG_WARN_BOOL_CONVERSION = YES;
				CLANG_WARN_CONSTANT_CONVERSION = YES;
				CLANG_WARN_DIRECT_OBJC_ISA_USAGE = YES_ERROR;
				CLANG_WARN_EMPTY_BODY = YES;
				CLANG_WARN_ENUM_CONVERSION = YES;
				CLANG_WARN_INT_CONVERSION = YES;
				CLANG_WARN_OBJC_ROOT_CLASS = YES_ERROR;
				CLANG_WARN__DUPLICATE_METHOD_MATCH = YES;
				"CODE_SIGN_IDENTITY[sdk=iphoneos*]" = "iPhone Developer";
				COPY_PHASE_STRIP = YES;
				ENABLE_NS_ASSERTIONS = NO;
				GCC_C_LANGUAGE_STANDARD = gnu99;
				GCC_WARN_64_TO_32_BIT_CONVERSION = YES;
				GCC_WARN_ABOUT_RETURN_TYPE = YES_ERROR;
				GCC_WARN_UNDECLARED_SELECTOR = YES;
				GCC_WARN_UNINITIALIZED_AUTOS = YES_AGGRESSIVE;
				GCC_WARN_UNUSED_FUNCTION = YES;
				GCC_WARN_UNUSED_VARIABLE = YES;
				IPHONEOS_DEPLOYMENT_TARGET = 7.1;
				SDKROOT = iphoneos;
				VALIDATE_PRODUCT = YES;
			};
			name = Release;
		};
		ECBEFD2C19B2677A0030893F /* Debug */ = {
			isa = XCBuildConfiguration;
			buildSettings = {
				ASSETCATALOG_COMPILER_APPICON_NAME = AppIcon;
				ASSETCATALOG_COMPILER_LAUNCHIMAGE_NAME = LaunchImage;
				GCC_PRECOMPILE_PREFIX_HEADER = YES;
				GCC_PREFIX_HEADER = "TouchTracker/TouchTracker-Prefix.pch";
				INFOPLIST_FILE = "TouchTracker/TouchTracker-Info.plist";
				PRODUCT_NAME = "$(TARGET_NAME)";
				WRAPPER_EXTENSION = app;
			};
			name = Debug;
		};
		ECBEFD2D19B2677A0030893F /* Release */ = {
			isa = XCBuildConfiguration;
			buildSettings = {
				ASSETCATALOG_COMPILER_APPICON_NAME = AppIcon;
				ASSETCATALOG_COMPILER_LAUNCHIMAGE_NAME = LaunchImage;
				GCC_PRECOMPILE_PREFIX_HEADER = YES;
				GCC_PREFIX_HEADER = "TouchTracker/TouchTracker-Prefix.pch";
				INFOPLIST_FILE = "TouchTracker/TouchTracker-Info.plist";
				PRODUCT_NAME = "$(TARGET_NAME)";
				WRAPPER_EXTENSION = app;
			};
			name = Release;
		};
		ECBEFD2F19B2677A0030893F /* Debug */ = {
			isa = XCBuildConfiguration;
			buildSettings = {
				BUNDLE_LOADER = "$(BUILT_PRODUCTS_DIR)/TouchTracker.app/TouchTracker";
				FRAMEWORK_SEARCH_PATHS = (
					"$(SDKROOT)/Developer/Library/Frameworks",
					"$(inherited)",
					"$(DEVELOPER_FRAMEWORKS_DIR)",
				);
				GCC_PRECOMPILE_PREFIX_HEADER = YES;
				GCC_PREFIX_HEADER = "TouchTracker/TouchTracker-Prefix.pch";
				GCC_PREPROCESSOR_DEFINITIONS = (
					"DEBUG=1",
					"$(inherited)",
				);
				INFOPLIST_FILE = "TouchTrackerTests/TouchTrackerTests-Info.plist";
				PRODUCT_NAME = "$(TARGET_NAME)";
				TEST_HOST = "$(BUNDLE_LOADER)";
				WRAPPER_EXTENSION = xctest;
			};
			name = Debug;
		};
		ECBEFD3019B2677A0030893F /* Release */ = {
			isa = XCBuildConfiguration;
			buildSettings = {
				BUNDLE_LOADER = "$(BUILT_PRODUCTS_DIR)/TouchTracker.app/TouchTracker";
				FRAMEWORK_SEARCH_PATHS = (
					"$(SDKROOT)/Developer/Library/Frameworks",
					"$(inherited)",
					"$(DEVELOPER_FRAMEWORKS_DIR)",
				);
				GCC_PRECOMPILE_PREFIX_HEADER = YES;
				GCC_PREFIX_HEADER = "TouchTracker/TouchTracker-Prefix.pch";
				INFOPLIST_FILE = "TouchTrackerTests/TouchTrackerTests-Info.plist";
				PRODUCT_NAME = "$(TARGET_NAME)";
				TEST_HOST = "$(BUNDLE_LOADER)";
				WRAPPER_EXTENSION = xctest;
			};
			name = Release;
		};
/* End XCBuildConfiguration section */

/* Begin XCConfigurationList section */
		ECBEFCFA19B2677A0030893F /* Build configuration list for PBXProject "TouchTracker" */ = {
			isa = XCConfigurationList;
			buildConfigurations = (
				ECBEFD2919B2677A0030893F /* Debug */,
				ECBEFD2A19B2677A0030893F /* Release */,
			);
			defaultConfigurationIsVisible = 0;
			defaultConfigurationName = Release;
		};
		ECBEFD2B19B2677A0030893F /* Build configuration list for PBXNativeTarget "TouchTracker" */ = {
			isa = XCConfigurationList;
			buildConfigurations = (
				ECBEFD2C19B2677A0030893F /* Debug */,
				ECBEFD2D19B2677A0030893F /* Release */,
			);
			defaultConfigurationIsVisible = 0;
		};
		ECBEFD2E19B2677A0030893F /* Build configuration list for PBXNativeTarget "TouchTrackerTests" */ = {
			isa = XCConfigurationList;
			buildConfigurations = (
				ECBEFD2F19B2677A0030893F /* Debug */,
				ECBEFD3019B2677A0030893F /* Release */,
			);
			defaultConfigurationIsVisible = 0;
		};
/* End XCConfigurationList section */
	};
	rootObject = ECBEFCF719B2677A0030893F /* Project object */;
}
